
Microsoft Visual Studio Solution File, Format Version 12.00
# Visual Studio Version 17
VisualStudioVersion = 17.8.34330.188
MinimumVisualStudioVersion = 10.0.40219.1
Project("{9A19103F-16F7-4668-BE54-9A1E7A4F7556}") = "12", "12\12.csproj", "{56155B51-CBB0-41CA-9761-D486C7FB78B3}"
EndProject
Project("{9A19103F-16F7-4668-BE54-9A1E7A4F7556}") = "12(2)", "12(2)\12(2).csproj", "{C173CE0E-48AB-458C-BB8E-B118E8D2EFFC}"
EndProject
Project("{9A19103F-16F7-4668-BE54-9A1E7A4F7556}") = "12.1", "12.1\12.1.csproj", "{EA8863CA-0D34-4F06-BAA5-A16677B9A4E9}"
EndProject
Project("{9A19103F-16F7-4668-BE54-9A1E7A4F7556}") = "12.2.1", "12.2.1\12.2.1.csproj", "{8AF51B52-0196-4F38-AE6A-3F3E37703AA1}"
EndProject
Project("{9A19103F-16F7-4668-BE54-9A1E7A4F7556}") = "12.2.2", "12.2.2\12.2.2.csproj", "{1F517446-B3C1-4012-B18A-0A2E52AA9798}"
EndProject
Project("{9A19103F-16F7-4668-BE54-9A1E7A4F7556}") = "12.3", "12.3\12.3.csproj", "{7D54B165-22A6-4550-8F6F-7E18C80CF79D}"
EndProject
Project("{9A19103F-16F7-4668-BE54-9A1E7A4F7556}") = "12.4.1", "12.4.1\12.4.1.csproj", "{EE5AE879-F19D-4DB9-8A31-BC624C17B3D2}"
EndProject
Project("{9A19103F-16F7-4668-BE54-9A1E7A4F7556}") = "12.4.2", "12.4.2\12.4.2.csproj", "{EC1B4752-97E3-4187-9175-671A97E6DA5F}"
EndProject
Project("{9A19103F-16F7-4668-BE54-9A1E7A4F7556}") = "12.5.1", "12.5.1\12.5.1.csproj", "{D7B4892D-5C6A-42A4-86D5-E71F63DF9EB1}"
EndProject
Project("{9A19103F-16F7-4668-BE54-9A1E7A4F7556}") = "12.5.2", "12.5.2\12.5.2.csproj", "{8CB43CCC-F211-492B-9227-350A6ECDE5FF}"
EndProject
Project("{9A19103F-16F7-4668-BE54-9A1E7A4F7556}") = "12(3)", "12(3)\12(3).csproj", "{817D4582-8A7B-425A-BB22-344A911EE725}"
EndProject
Project("{9A19103F-16F7-4668-BE54-9A1E7A4F7556}") = "12(4)", "12(4)\12(4).csproj", "{12F11B6A-9C61-4D51-AF35-89F8FDAD6A4E}"
EndProject
Project("{9A19103F-16F7-4668-BE54-9A1E7A4F7556}") = "12(5)", "12(5)\12(5).csproj", "{AD0DD7CE-461B-43EE-9506-4E9EE5EB6855}"
EndProject
Project("{FAE04EC0-301F-11D3-BF4B-00C04F79EFBC}") = "12(6)", "12(6)\12(6).csproj", "{99377ACA-596F-4FB0-8A29-8E51132B15D4}"
EndProject
Global
	GlobalSection(SolutionConfigurationPlatforms) = preSolution
		Debug|Any CPU = Debug|Any CPU
		Release|Any CPU = Release|Any CPU
	EndGlobalSection
	GlobalSection(ProjectConfigurationPlatforms) = postSolution
		{56155B51-CBB0-41CA-9761-D486C7FB78B3}.Debug|Any CPU.ActiveCfg = Debug|Any CPU
		{56155B51-CBB0-41CA-9761-D486C7FB78B3}.Debug|Any CPU.Build.0 = Debug|Any CPU
		{56155B51-CBB0-41CA-9761-D486C7FB78B3}.Release|Any CPU.ActiveCfg = Release|Any CPU
		{56155B51-CBB0-41CA-9761-D486C7FB78B3}.Release|Any CPU.Build.0 = Release|Any CPU
		{C173CE0E-48AB-458C-BB8E-B118E8D2EFFC}.Debug|Any CPU.ActiveCfg = Debug|Any CPU
		{C173CE0E-48AB-458C-BB8E-B118E8D2EFFC}.Debug|Any CPU.Build.0 = Debug|Any CPU
		{C173CE0E-48AB-458C-BB8E-B118E8D2EFFC}.Release|Any CPU.ActiveCfg = Release|Any CPU
		{C173CE0E-48AB-458C-BB8E-B118E8D2EFFC}.Release|Any CPU.Build.0 = Release|Any CPU
		{EA8863CA-0D34-4F06-BAA5-A16677B9A4E9}.Debug|Any CPU.ActiveCfg = Debug|Any CPU
		{EA8863CA-0D34-4F06-BAA5-A16677B9A4E9}.Debug|Any CPU.Build.0 = Debug|Any CPU
		{EA8863CA-0D34-4F06-BAA5-A16677B9A4E9}.Release|Any CPU.ActiveCfg = Release|Any CPU
		{EA8863CA-0D34-4F06-BAA5-A16677B9A4E9}.Release|Any CPU.Build.0 = Release|Any CPU
		{8AF51B52-0196-4F38-AE6A-3F3E37703AA1}.Debug|Any CPU.ActiveCfg = Debug|Any CPU
		{8AF51B52-0196-4F38-AE6A-3F3E37703AA1}.Debug|Any CPU.Build.0 = Debug|Any CPU
		{8AF51B52-0196-4F38-AE6A-3F3E37703AA1}.Release|Any CPU.ActiveCfg = Release|Any CPU
		{8AF51B52-0196-4F38-AE6A-3F3E37703AA1}.Release|Any CPU.Build.0 = Release|Any CPU
		{1F517446-B3C1-4012-B18A-0A2E52AA9798}.Debug|Any CPU.ActiveCfg = Debug|Any CPU
		{1F517446-B3C1-4012-B18A-0A2E52AA9798}.Debug|Any CPU.Build.0 = Debug|Any CPU
		{1F517446-B3C1-4012-B18A-0A2E52AA9798}.Release|Any CPU.ActiveCfg = Release|Any CPU
		{1F517446-B3C1-4012-B18A-0A2E52AA9798}.Release|Any CPU.Build.0 = Release|Any CPU
		{7D54B165-22A6-4550-8F6F-7E18C80CF79D}.Debug|Any CPU.ActiveCfg = Debug|Any CPU
		{7D54B165-22A6-4550-8F6F-7E18C80CF79D}.Debug|Any CPU.Build.0 = Debug|Any CPU
		{7D54B165-22A6-4550-8F6F-7E18C80CF79D}.Release|Any CPU.ActiveCfg = Release|Any CPU
		{7D54B165-22A6-4550-8F6F-7E18C80CF79D}.Release|Any CPU.Build.0 = Release|Any CPU
		{EE5AE879-F19D-4DB9-8A31-BC624C17B3D2}.Debug|Any CPU.ActiveCfg = Debug|Any CPU
		{EE5AE879-F19D-4DB9-8A31-BC624C17B3D2}.Debug|Any CPU.Build.0 = Debug|Any CPU
		{EE5AE879-F19D-4DB9-8A31-BC624C17B3D2}.Release|Any CPU.ActiveCfg = Release|Any CPU
		{EE5AE879-F19D-4DB9-8A31-BC624C17B3D2}.Release|Any CPU.Build.0 = Release|Any CPU
		{EC1B4752-97E3-4187-9175-671A97E6DA5F}.Debug|Any CPU.ActiveCfg = Debug|Any CPU
		{EC1B4752-97E3-4187-9175-671A97E6DA5F}.Debug|Any CPU.Build.0 = Debug|Any CPU
		{EC1B4752-97E3-4187-9175-671A97E6DA5F}.Release|Any CPU.ActiveCfg = Release|Any CPU
		{EC1B4752-97E3-4187-9175-671A97E6DA5F}.Release|Any CPU.Build.0 = Release|Any CPU
		{D7B4892D-5C6A-42A4-86D5-E71F63DF9EB1}.Debug|Any CPU.ActiveCfg = Debug|Any CPU
		{D7B4892D-5C6A-42A4-86D5-E71F63DF9EB1}.Debug|Any CPU.Build.0 = Debug|Any CPU
		{D7B4892D-5C6A-42A4-86D5-E71F63DF9EB1}.Release|Any CPU.ActiveCfg = Release|Any CPU
		{D7B4892D-5C6A-42A4-86D5-E71F63DF9EB1}.Release|Any CPU.Build.0 = Release|Any CPU
		{8CB43CCC-F211-492B-9227-350A6ECDE5FF}.Debug|Any CPU.ActiveCfg = Debug|Any CPU
		{8CB43CCC-F211-492B-9227-350A6ECDE5FF}.Debug|Any CPU.Build.0 = Debug|Any CPU
		{8CB43CCC-F211-492B-9227-350A6ECDE5FF}.Release|Any CPU.ActiveCfg = Release|Any CPU
		{8CB43CCC-F211-492B-9227-350A6ECDE5FF}.Release|Any CPU.Build.0 = Release|Any CPU
		{817D4582-8A7B-425A-BB22-344A911EE725}.Debug|Any CPU.ActiveCfg = Debug|Any CPU
		{817D4582-8A7B-425A-BB22-344A911EE725}.Debug|Any CPU.Build.0 = Debug|Any CPU
		{817D4582-8A7B-425A-BB22-344A911EE725}.Release|Any CPU.ActiveCfg = Release|Any CPU
		{817D4582-8A7B-425A-BB22-344A911EE725}.Release|Any CPU.Build.0 = Release|Any CPU
		{12F11B6A-9C61-4D51-AF35-89F8FDAD6A4E}.Debug|Any CPU.ActiveCfg = Debug|Any CPU
		{12F11B6A-9C61-4D51-AF35-89F8FDAD6A4E}.Debug|Any CPU.Build.0 = Debug|Any CPU
		{12F11B6A-9C61-4D51-AF35-89F8FDAD6A4E}.Release|Any CPU.ActiveCfg = Release|Any CPU
		{12F11B6A-9C61-4D51-AF35-89F8FDAD6A4E}.Release|Any CPU.Build.0 = Release|Any CPU
		{AD0DD7CE-461B-43EE-9506-4E9EE5EB6855}.Debug|Any CPU.ActiveCfg = Debug|Any CPU
		{AD0DD7CE-461B-43EE-9506-4E9EE5EB6855}.Debug|Any CPU.Build.0 = Debug|Any CPU
		{AD0DD7CE-461B-43EE-9506-4E9EE5EB6855}.Release|Any CPU.ActiveCfg = Release|Any CPU
		{AD0DD7CE-461B-43EE-9506-4E9EE5EB6855}.Release|Any CPU.Build.0 = Release|Any CPU
		{99377ACA-596F-4FB0-8A29-8E51132B15D4}.Debug|Any CPU.ActiveCfg = Debug|Any CPU
		{99377ACA-596F-4FB0-8A29-8E51132B15D4}.Debug|Any CPU.Build.0 = Debug|Any CPU
		{99377ACA-596F-4FB0-8A29-8E51132B15D4}.Release|Any CPU.ActiveCfg = Release|Any CPU
		{99377ACA-596F-4FB0-8A29-8E51132B15D4}.Release|Any CPU.Build.0 = Release|Any CPU
	EndGlobalSection
	GlobalSection(SolutionProperties) = preSolution
		HideSolutionNode = FALSE
	EndGlobalSection
	GlobalSection(ExtensibilityGlobals) = postSolution
		SolutionGuid = {89A44F34-786E-4F5F-AD30-49FAF03023D2}
	EndGlobalSection
EndGlobal
